
Microsoft Visual Studio Solution File, Format Version 12.00
# Visual Studio Version 16
VisualStudioVersion = 16.0.32106.194
MinimumVisualStudioVersion = 10.0.40219.1
Project("{9A19103F-16F7-4668-BE54-9A1E7A4F7556}") = "ManageBastion.2.0", "ManageBastion.2.0.csproj", "{FAD25640-4009-413D-82C7-6DFB85D249FF}"
EndProject
Global
	GlobalSection(SolutionConfigurationPlatforms) = preSolution
		Debug|Any CPU = Debug|Any CPU
		Release|Any CPU = Release|Any CPU
	EndGlobalSection
	GlobalSection(ProjectConfigurationPlatforms) = postSolution
		{FAD25640-4009-413D-82C7-6DFB85D249FF}.Debug|Any CPU.ActiveCfg = Debug|Any CPU
		{FAD25640-4009-413D-82C7-6DFB85D249FF}.Debug|Any CPU.Build.0 = Debug|Any CPU
		{FAD25640-4009-413D-82C7-6DFB85D249FF}.Release|Any CPU.ActiveCfg = Release|Any CPU
		{FAD25640-4009-413D-82C7-6DFB85D249FF}.Release|Any CPU.Build.0 = Release|Any CPU
	EndGlobalSection
	GlobalSection(SolutionProperties) = preSolution
		HideSolutionNode = FALSE
	EndGlobalSection
	GlobalSection(ExtensibilityGlobals) = postSolution
		SolutionGuid = {33FD2ADD-5593-45E4-8A3A-44CAAC6F197B}
	EndGlobalSection
EndGlobal
